# This file is generated by running "yarn install" inside your project.
# Manual changes might be lost - proceed with caution!

__metadata:
  version: 8
  cacheKey: 10c0

"@asamuzakjp/css-color@npm:^3.1.2":
  version: 3.1.5
  resolution: "@asamuzakjp/css-color@npm:3.1.5"
  dependencies:
    "@csstools/css-calc": "npm:^2.1.3"
    "@csstools/css-color-parser": "npm:^3.0.9"
    "@csstools/css-parser-algorithms": "npm:^3.0.4"
    "@csstools/css-tokenizer": "npm:^3.0.3"
    lru-cache: "npm:^10.4.3"
  checksum: 10c0/040ede3b4fea5a40e619ffd43400c8e1f21a9fb387ca4bffcf51931a447477a462209e4929b95265c5346b0c5226911c61330025da17cb6ba98ed25736e823b9
  languageName: node
  linkType: hard

"@bgotink/kdl@npm:0.4.0-next.2":
  version: 0.4.0-next.2
  resolution: "@bgotink/kdl@npm:0.4.0-next.2"
  checksum: 10c0/7a37c9ad17773d821d8ac8fa55a0fdb5c6f6c2a6daebf8935cbf334f041ee4c36900d64bb9984d655d48429b96c4c1cbefc87edca37bd99a4043808566e43dc3
  languageName: node
  linkType: hard

"@csstools/color-helpers@npm:^5.0.2":
  version: 5.0.2
  resolution: "@csstools/color-helpers@npm:5.0.2"
  checksum: 10c0/bebaddb28b9eb58b0449edd5d0c0318fa88f3cb079602ee27e88c9118070d666dcc4e09a5aa936aba2fde6ba419922ade07b7b506af97dd7051abd08dfb2959b
  languageName: node
  linkType: hard

"@csstools/css-calc@npm:^2.1.3":
  version: 2.1.3
  resolution: "@csstools/css-calc@npm:2.1.3"
  peerDependencies:
    "@csstools/css-parser-algorithms": ^3.0.4
    "@csstools/css-tokenizer": ^3.0.3
  checksum: 10c0/85f5b4f96d60f395d5f0108056b0ddee037b22d6deba448d74324b50f1c554de284f84715ebfac7b2888b78e09d20d02a7cd213ee7bdaa71011ea9b4eee3a251
  languageName: node
  linkType: hard

"@csstools/css-color-parser@npm:^3.0.9":
  version: 3.0.9
  resolution: "@csstools/css-color-parser@npm:3.0.9"
  dependencies:
    "@csstools/color-helpers": "npm:^5.0.2"
    "@csstools/css-calc": "npm:^2.1.3"
  peerDependencies:
    "@csstools/css-parser-algorithms": ^3.0.4
    "@csstools/css-tokenizer": ^3.0.3
  checksum: 10c0/acc026a6bd6d8c4c641fa5f9b4d77cd5dfa54c57c3278ae52329d96b5837723428dcb93c34db4062bbea2f45a98451119df06eaf39fd196aaf6368c59d799f20
  languageName: node
  linkType: hard

"@csstools/css-parser-algorithms@npm:^3.0.4":
  version: 3.0.4
  resolution: "@csstools/css-parser-algorithms@npm:3.0.4"
  peerDependencies:
    "@csstools/css-tokenizer": ^3.0.3
  checksum: 10c0/d411f07765e14eede17bccc6bd4f90ff303694df09aabfede3fd104b2dfacfd4fe3697cd25ddad14684c850328f3f9420ebfa9f78380892492974db24ae47dbd
  languageName: node
  linkType: hard

"@csstools/css-tokenizer@npm:^3.0.3":
  version: 3.0.3
  resolution: "@csstools/css-tokenizer@npm:3.0.3"
  checksum: 10c0/c31bf410e1244b942e71798e37c54639d040cb59e0121b21712b40015fced2b0fb1ffe588434c5f8923c9cd0017cfc1c1c8f3921abc94c96edf471aac2eba5e5
  languageName: node
  linkType: hard

"agent-base@npm:^7.1.0, agent-base@npm:^7.1.2":
  version: 7.1.3
  resolution: "agent-base@npm:7.1.3"
  checksum: 10c0/6192b580c5b1d8fb399b9c62bf8343d76654c2dd62afcb9a52b2cf44a8b6ace1e3b704d3fe3547d91555c857d3df02603341ff2cb961b9cfe2b12f9f3c38ee11
  languageName: node
  linkType: hard

"braces@npm:^3.0.2":
  version: 3.0.3
  resolution: "braces@npm:3.0.3"
  dependencies:
    fill-range: "npm:^7.1.1"
  checksum: 10c0/7c6dfd30c338d2997ba77500539227b9d1f85e388a5f43220865201e407e076783d0881f2d297b9f80951b4c957fcf0b51c1d2d24227631643c3f7c284b0aa04
  languageName: node
  linkType: hard

"ci-info@npm:^4.1.0":
  version: 4.2.0
  resolution: "ci-info@npm:4.2.0"
  checksum: 10c0/37a2f4b6a213a5cf835890eb0241f0d5b022f6cfefde58a69e9af8e3a0e71e06d6ad7754b0d4efb9cd2613e58a7a33996d71b56b0d04242722e86666f3f3d058
  languageName: node
  linkType: hard

"cssstyle@npm:^4.2.1":
  version: 4.3.1
  resolution: "cssstyle@npm:4.3.1"
  dependencies:
    "@asamuzakjp/css-color": "npm:^3.1.2"
    rrweb-cssom: "npm:^0.8.0"
  checksum: 10c0/89d73252d5f9930cf67f5c576de8030a9d960aae4c8bdd42d60464b2f67c8d809601fb7e620b43d4c84e03472016da77528df9a21a21393387ed256610ca0ab4
  languageName: node
  linkType: hard

"data-urls@npm:^5.0.0":
  version: 5.0.0
  resolution: "data-urls@npm:5.0.0"
  dependencies:
    whatwg-mimetype: "npm:^4.0.0"
    whatwg-url: "npm:^14.0.0"
  checksum: 10c0/1b894d7d41c861f3a4ed2ae9b1c3f0909d4575ada02e36d3d3bc584bdd84278e20709070c79c3b3bff7ac98598cb191eb3e86a89a79ea4ee1ef360e1694f92ad
  languageName: node
  linkType: hard

"debug@npm:4, debug@npm:^4.3.4":
  version: 4.4.0
  resolution: "debug@npm:4.4.0"
  dependencies:
    ms: "npm:^2.1.3"
  peerDependenciesMeta:
    supports-color:
      optional: true
  checksum: 10c0/db94f1a182bf886f57b4755f85b3a74c39b5114b9377b7ab375dc2cfa3454f09490cc6c30f829df3fc8042bc8b8995f6567ce5cd96f3bc3688bd24027197d9de
  languageName: node
  linkType: hard

"decimal.js@npm:^10.5.0":
  version: 10.5.0
  resolution: "decimal.js@npm:10.5.0"
  checksum: 10c0/785c35279df32762143914668df35948920b6c1c259b933e0519a69b7003fc0a5ed2a766b1e1dda02574450c566b21738a45f15e274b47c2ac02072c0d1f3ac3
  languageName: node
  linkType: hard

"entities@npm:^6.0.0":
  version: 6.0.0
  resolution: "entities@npm:6.0.0"
  checksum: 10c0/b82a7bd5de282860f3c36a91e815e41e874fd036c83956a568b82729678492eb088359d6f7e0a4f5c00776427263fcba04959b8340fefa430c39b9bce770427e
  languageName: node
  linkType: hard

"express-check-in@npm:^0.2.0":
  version: 0.2.0
  resolution: "express-check-in@npm:0.2.0"
  dependencies:
    micromatch: "npm:4.0.5"
  peerDependencies:
    cspell-lib: ^5.4.1 || ^6.0.0 || ^7.0.0 || ^8.0.0
    prettier: ^2.3.0 || ^3.0.0
  peerDependenciesMeta:
    cspell-lib:
      optional: true
    prettier:
      optional: true
  bin:
    express-check-in: bin.js
  checksum: 10c0/58109464aa4a27a6b19ff9b39d6bf239b9332dc4f9e0a2063cb334a16f8cdb1b2181b81e322260d3cc025e8b2ce9138b19fccb0ee350b84cf6c53cceecddb32d
  languageName: node
  linkType: hard

"fh-enhancer@workspace:.":
  version: 0.0.0-use.local
  resolution: "fh-enhancer@workspace:."
  dependencies:
    "@bgotink/kdl": "npm:0.4.0-next.2"
    express-check-in: "npm:^0.2.0"
    husky: "npm:^9.1.7"
    is-ci: "npm:^4.1.0"
    jsdom: "npm:^26.1.0"
    prettier: "npm:^3.5.3"
  languageName: unknown
  linkType: soft

"fill-range@npm:^7.1.1":
  version: 7.1.1
  resolution: "fill-range@npm:7.1.1"
  dependencies:
    to-regex-range: "npm:^5.0.1"
  checksum: 10c0/b75b691bbe065472f38824f694c2f7449d7f5004aa950426a2c28f0306c60db9b880c0b0e4ed819997ffb882d1da02cfcfc819bddc94d71627f5269682edf018
  languageName: node
  linkType: hard

"html-encoding-sniffer@npm:^4.0.0":
  version: 4.0.0
  resolution: "html-encoding-sniffer@npm:4.0.0"
  dependencies:
    whatwg-encoding: "npm:^3.1.1"
  checksum: 10c0/523398055dc61ac9b34718a719cb4aa691e4166f29187e211e1607de63dc25ac7af52ca7c9aead0c4b3c0415ffecb17326396e1202e2e86ff4bca4c0ee4c6140
  languageName: node
  linkType: hard

"http-proxy-agent@npm:^7.0.2":
  version: 7.0.2
  resolution: "http-proxy-agent@npm:7.0.2"
  dependencies:
    agent-base: "npm:^7.1.0"
    debug: "npm:^4.3.4"
  checksum: 10c0/4207b06a4580fb85dd6dff521f0abf6db517489e70863dca1a0291daa7f2d3d2d6015a57bd702af068ea5cf9f1f6ff72314f5f5b4228d299c0904135d2aef921
  languageName: node
  linkType: hard

"https-proxy-agent@npm:^7.0.6":
  version: 7.0.6
  resolution: "https-proxy-agent@npm:7.0.6"
  dependencies:
    agent-base: "npm:^7.1.2"
    debug: "npm:4"
  checksum: 10c0/f729219bc735edb621fa30e6e84e60ee5d00802b8247aac0d7b79b0bd6d4b3294737a337b93b86a0bd9e68099d031858a39260c976dc14cdbba238ba1f8779ac
  languageName: node
  linkType: hard

"husky@npm:^9.1.7":
  version: 9.1.7
  resolution: "husky@npm:9.1.7"
  bin:
    husky: bin.js
  checksum: 10c0/35bb110a71086c48906aa7cd3ed4913fb913823715359d65e32e0b964cb1e255593b0ae8014a5005c66a68e6fa66c38dcfa8056dbbdfb8b0187c0ffe7ee3a58f
  languageName: node
  linkType: hard

"iconv-lite@npm:0.6.3":
  version: 0.6.3
  resolution: "iconv-lite@npm:0.6.3"
  dependencies:
    safer-buffer: "npm:>= 2.1.2 < 3.0.0"
  checksum: 10c0/98102bc66b33fcf5ac044099d1257ba0b7ad5e3ccd3221f34dd508ab4070edff183276221684e1e0555b145fce0850c9f7d2b60a9fcac50fbb4ea0d6e845a3b1
  languageName: node
  linkType: hard

"is-ci@npm:^4.1.0":
  version: 4.1.0
  resolution: "is-ci@npm:4.1.0"
  dependencies:
    ci-info: "npm:^4.1.0"
  bin:
    is-ci: bin.js
  checksum: 10c0/c58e733d21f8d7e6ba3d70686124004576b369b4a02a37c4783159ed5a668b3a9e4b359efa955e4a675bd021eca7305010c45a1e646bf77cce14b08808eda88d
  languageName: node
  linkType: hard

"is-number@npm:^7.0.0":
  version: 7.0.0
  resolution: "is-number@npm:7.0.0"
  checksum: 10c0/b4686d0d3053146095ccd45346461bc8e53b80aeb7671cc52a4de02dbbf7dc0d1d2a986e2fe4ae206984b4d34ef37e8b795ebc4f4295c978373e6575e295d811
  languageName: node
  linkType: hard

"is-potential-custom-element-name@npm:^1.0.1":
  version: 1.0.1
  resolution: "is-potential-custom-element-name@npm:1.0.1"
  checksum: 10c0/b73e2f22bc863b0939941d369486d308b43d7aef1f9439705e3582bfccaa4516406865e32c968a35f97a99396dac84e2624e67b0a16b0a15086a785e16ce7db9
  languageName: node
  linkType: hard

"jsdom@npm:^26.1.0":
  version: 26.1.0
  resolution: "jsdom@npm:26.1.0"
  dependencies:
    cssstyle: "npm:^4.2.1"
    data-urls: "npm:^5.0.0"
    decimal.js: "npm:^10.5.0"
    html-encoding-sniffer: "npm:^4.0.0"
    http-proxy-agent: "npm:^7.0.2"
    https-proxy-agent: "npm:^7.0.6"
    is-potential-custom-element-name: "npm:^1.0.1"
    nwsapi: "npm:^2.2.16"
    parse5: "npm:^7.2.1"
    rrweb-cssom: "npm:^0.8.0"
    saxes: "npm:^6.0.0"
    symbol-tree: "npm:^3.2.4"
    tough-cookie: "npm:^5.1.1"
    w3c-xmlserializer: "npm:^5.0.0"
    webidl-conversions: "npm:^7.0.0"
    whatwg-encoding: "npm:^3.1.1"
    whatwg-mimetype: "npm:^4.0.0"
    whatwg-url: "npm:^14.1.1"
    ws: "npm:^8.18.0"
    xml-name-validator: "npm:^5.0.0"
  peerDependencies:
    canvas: ^3.0.0
  peerDependenciesMeta:
    canvas:
      optional: true
  checksum: 10c0/5b14a5bc32ce077a06fb42d1ab95b1191afa5cbbce8859e3b96831c5143becbbcbf0511d4d4934e922d2901443ced2cdc3b734c1cf30b5f73b3e067ce457d0f4
  languageName: node
  linkType: hard

"lru-cache@npm:^10.4.3":
  version: 10.4.3
  resolution: "lru-cache@npm:10.4.3"
  checksum: 10c0/ebd04fbca961e6c1d6c0af3799adcc966a1babe798f685bb84e6599266599cd95d94630b10262f5424539bc4640107e8a33aa28585374abf561d30d16f4b39fb
  languageName: node
  linkType: hard

"micromatch@npm:4.0.5":
  version: 4.0.5
  resolution: "micromatch@npm:4.0.5"
  dependencies:
    braces: "npm:^3.0.2"
    picomatch: "npm:^2.3.1"
  checksum: 10c0/3d6505b20f9fa804af5d8c596cb1c5e475b9b0cd05f652c5b56141cf941bd72adaeb7a436fda344235cef93a7f29b7472efc779fcdb83b478eab0867b95cdeff
  languageName: node
  linkType: hard

"ms@npm:^2.1.3":
  version: 2.1.3
  resolution: "ms@npm:2.1.3"
  checksum: 10c0/d924b57e7312b3b63ad21fc5b3dc0af5e78d61a1fc7cfb5457edaf26326bf62be5307cc87ffb6862ef1c2b33b0233cdb5d4f01c4c958cc0d660948b65a287a48
  languageName: node
  linkType: hard

"nwsapi@npm:^2.2.16":
  version: 2.2.20
  resolution: "nwsapi@npm:2.2.20"
  checksum: 10c0/07f4dafa3186aef7c007863e90acd4342a34ba9d44b22f14f644fdb311f6086887e21c2fc15efaa826c2bc39ab2bc841364a1a630e7c87e0cb723ba59d729297
  languageName: node
  linkType: hard

"parse5@npm:^7.2.1":
  version: 7.3.0
  resolution: "parse5@npm:7.3.0"
  dependencies:
    entities: "npm:^6.0.0"
  checksum: 10c0/7fd2e4e247e85241d6f2a464d0085eed599a26d7b0a5233790c49f53473232eb85350e8133344d9b3fd58b89339e7ad7270fe1f89d28abe50674ec97b87f80b5
  languageName: node
  linkType: hard

"picomatch@npm:^2.3.1":
  version: 2.3.1
  resolution: "picomatch@npm:2.3.1"
  checksum: 10c0/26c02b8d06f03206fc2ab8d16f19960f2ff9e81a658f831ecb656d8f17d9edc799e8364b1f4a7873e89d9702dff96204be0fa26fe4181f6843f040f819dac4be
  languageName: node
  linkType: hard

"prettier@npm:^3.5.3":
  version: 3.5.3
  resolution: "prettier@npm:3.5.3"
  bin:
    prettier: bin/prettier.cjs
  checksum: 10c0/3880cb90b9dc0635819ab52ff571518c35bd7f15a6e80a2054c05dbc8a3aa6e74f135519e91197de63705bcb38388ded7e7230e2178432a1468005406238b877
  languageName: node
  linkType: hard

"punycode@npm:^2.3.1":
  version: 2.3.1
  resolution: "punycode@npm:2.3.1"
  checksum: 10c0/14f76a8206bc3464f794fb2e3d3cc665ae416c01893ad7a02b23766eb07159144ee612ad67af5e84fa4479ccfe67678c4feb126b0485651b302babf66f04f9e9
  languageName: node
  linkType: hard

"rrweb-cssom@npm:^0.8.0":
  version: 0.8.0
  resolution: "rrweb-cssom@npm:0.8.0"
  checksum: 10c0/56f2bfd56733adb92c0b56e274c43f864b8dd48784d6fe946ef5ff8d438234015e59ad837fc2ad54714b6421384141c1add4eb569e72054e350d1f8a50b8ac7b
  languageName: node
  linkType: hard

"safer-buffer@npm:>= 2.1.2 < 3.0.0":
  version: 2.1.2
  resolution: "safer-buffer@npm:2.1.2"
  checksum: 10c0/7e3c8b2e88a1841c9671094bbaeebd94448111dd90a81a1f606f3f67708a6ec57763b3b47f06da09fc6054193e0e6709e77325415dc8422b04497a8070fa02d4
  languageName: node
  linkType: hard

"saxes@npm:^6.0.0":
  version: 6.0.0
  resolution: "saxes@npm:6.0.0"
  dependencies:
    xmlchars: "npm:^2.2.0"
  checksum: 10c0/3847b839f060ef3476eb8623d099aa502ad658f5c40fd60c105ebce86d244389b0d76fcae30f4d0c728d7705ceb2f7e9b34bb54717b6a7dbedaf5dad2d9a4b74
  languageName: node
  linkType: hard

"symbol-tree@npm:^3.2.4":
  version: 3.2.4
  resolution: "symbol-tree@npm:3.2.4"
  checksum: 10c0/dfbe201ae09ac6053d163578778c53aa860a784147ecf95705de0cd23f42c851e1be7889241495e95c37cabb058edb1052f141387bef68f705afc8f9dd358509
  languageName: node
  linkType: hard

"tldts-core@npm:^6.1.86":
  version: 6.1.86
  resolution: "tldts-core@npm:6.1.86"
  checksum: 10c0/8133c29375f3f99f88fce5f4d62f6ecb9532b106f31e5423b27c1eb1b6e711bd41875184a456819ceaed5c8b94f43911b1ad57e25c6eb86e1fc201228ff7e2af
  languageName: node
  linkType: hard

"tldts@npm:^6.1.32":
  version: 6.1.86
  resolution: "tldts@npm:6.1.86"
  dependencies:
    tldts-core: "npm:^6.1.86"
  bin:
    tldts: bin/cli.js
  checksum: 10c0/27ae7526d9d78cb97b2de3f4d102e0b4321d1ccff0648a7bb0e039ed54acbce86bacdcd9cd3c14310e519b457854e7bafbef1f529f58a1e217a737ced63f0940
  languageName: node
  linkType: hard

"to-regex-range@npm:^5.0.1":
  version: 5.0.1
  resolution: "to-regex-range@npm:5.0.1"
  dependencies:
    is-number: "npm:^7.0.0"
  checksum: 10c0/487988b0a19c654ff3e1961b87f471702e708fa8a8dd02a298ef16da7206692e8552a0250e8b3e8759270f62e9d8314616f6da274734d3b558b1fc7b7724e892
  languageName: node
  linkType: hard

"tough-cookie@npm:^5.1.1":
  version: 5.1.2
  resolution: "tough-cookie@npm:5.1.2"
  dependencies:
    tldts: "npm:^6.1.32"
  checksum: 10c0/5f95023a47de0f30a902bba951664b359725597d8adeabc66a0b93a931c3af801e1e697dae4b8c21a012056c0ea88bd2bf4dfe66b2adcf8e2f42cd9796fe0626
  languageName: node
  linkType: hard

"tr46@npm:^5.1.0":
  version: 5.1.1
  resolution: "tr46@npm:5.1.1"
  dependencies:
    punycode: "npm:^2.3.1"
  checksum: 10c0/ae270e194d52ec67ebd695c1a42876e0f19b96e4aca2ab464ab1d9d17dc3acd3e18764f5034c93897db73421563be27c70c98359c4501136a497e46deda5d5ec
  languageName: node
  linkType: hard

"w3c-xmlserializer@npm:^5.0.0":
  version: 5.0.0
  resolution: "w3c-xmlserializer@npm:5.0.0"
  dependencies:
    xml-name-validator: "npm:^5.0.0"
  checksum: 10c0/8712774c1aeb62dec22928bf1cdfd11426c2c9383a1a63f2bcae18db87ca574165a0fbe96b312b73652149167ac6c7f4cf5409f2eb101d9c805efe0e4bae798b
  languageName: node
  linkType: hard

"webidl-conversions@npm:^7.0.0":
  version: 7.0.0
  resolution: "webidl-conversions@npm:7.0.0"
  checksum: 10c0/228d8cb6d270c23b0720cb2d95c579202db3aaf8f633b4e9dd94ec2000a04e7e6e43b76a94509cdb30479bd00ae253ab2371a2da9f81446cc313f89a4213a2c4
  languageName: node
  linkType: hard

"whatwg-encoding@npm:^3.1.1":
  version: 3.1.1
  resolution: "whatwg-encoding@npm:3.1.1"
  dependencies:
    iconv-lite: "npm:0.6.3"
  checksum: 10c0/273b5f441c2f7fda3368a496c3009edbaa5e43b71b09728f90425e7f487e5cef9eb2b846a31bd760dd8077739c26faf6b5ca43a5f24033172b003b72cf61a93e
  languageName: node
  linkType: hard

"whatwg-mimetype@npm:^4.0.0":
  version: 4.0.0
  resolution: "whatwg-mimetype@npm:4.0.0"
  checksum: 10c0/a773cdc8126b514d790bdae7052e8bf242970cebd84af62fb2f35a33411e78e981f6c0ab9ed1fe6ec5071b09d5340ac9178e05b52d35a9c4bcf558ba1b1551df
  languageName: node
  linkType: hard

"whatwg-url@npm:^14.0.0, whatwg-url@npm:^14.1.1":
  version: 14.2.0
  resolution: "whatwg-url@npm:14.2.0"
  dependencies:
    tr46: "npm:^5.1.0"
    webidl-conversions: "npm:^7.0.0"
  checksum: 10c0/f746fc2f4c906607d09537de1227b13f9494c171141e5427ed7d2c0dd0b6a48b43d8e71abaae57d368d0c06b673fd8ec63550b32ad5ed64990c7b0266c2b4272
  languageName: node
  linkType: hard

"ws@npm:^8.18.0":
  version: 8.18.1
  resolution: "ws@npm:8.18.1"
  peerDependencies:
    bufferutil: ^4.0.1
    utf-8-validate: ">=5.0.2"
  peerDependenciesMeta:
    bufferutil:
      optional: true
    utf-8-validate:
      optional: true
  checksum: 10c0/e498965d6938c63058c4310ffb6967f07d4fa06789d3364829028af380d299fe05762961742971c764973dce3d1f6a2633fe8b2d9410c9b52e534b4b882a99fa
  languageName: node
  linkType: hard

"xml-name-validator@npm:^5.0.0":
  version: 5.0.0
  resolution: "xml-name-validator@npm:5.0.0"
  checksum: 10c0/3fcf44e7b73fb18be917fdd4ccffff3639373c7cb83f8fc35df6001fecba7942f1dbead29d91ebb8315e2f2ff786b508f0c9dc0215b6353f9983c6b7d62cb1f5
  languageName: node
  linkType: hard

"xmlchars@npm:^2.2.0":
  version: 2.2.0
  resolution: "xmlchars@npm:2.2.0"
  checksum: 10c0/b64b535861a6f310c5d9bfa10834cf49127c71922c297da9d4d1b45eeaae40bf9b4363275876088fbe2667e5db028d2cd4f8ee72eed9bede840a67d57dab7593
  languageName: node
  linkType: hard
